dependencies:
- name: prowlarr
  repository: https://media-servarr.shw.al/charts
  version: 0.18.0
- name: sonarr
  repository: https://media-servarr.shw.al/charts
  version: 0.9.0
- name: radarr
  repository: https://media-servarr.shw.al/charts
  version: 0.20.0
- name: jellyfin
  repository: https://media-servarr.shw.al/charts
  version: 0.9.0
- name: common
  repository: file://../../common
  version: 0.1.0
digest: sha256:315f3a2af13395ba40bfdd5ca2b5e4c97cfbea8ca08a1fdd7dc6f0d2c1feacf2
generated: "2026-01-04T20:27:12.077582568Z"
